
Microsoft Visual Studio Solution File, Format Version 12.00
# Visual Studio 14
VisualStudioVersion = 14.0.25420.1
MinimumVisualStudioVersion = 10.0.40219.1
Project("{FAE04EC0-301F-11D3-BF4B-00C04F79EFBC}") = "MoviesProject", "MoviesProject\MoviesProject.csproj", "{6457A12C-B464-4C82-B46F-D6FFDD90C7E2}"
EndProject
Project("{FAE04EC0-301F-11D3-BF4B-00C04F79EFBC}") = "MoviesProject.Tests", "MoviesProject.Tests\MoviesProject.Tests.csproj", "{AE5901D2-EEAA-4299-B435-4C289903CEE2}"
EndProject
Global
	GlobalSection(SolutionConfigurationPlatforms) = preSolution
		Debug|Any CPU = Debug|Any CPU
		Release|Any CPU = Release|Any CPU
	EndGlobalSection
	GlobalSection(ProjectConfigurationPlatforms) = postSolution
		{6457A12C-B464-4C82-B46F-D6FFDD90C7E2}.Debug|Any CPU.ActiveCfg = Debug|Any CPU
		{6457A12C-B464-4C82-B46F-D6FFDD90C7E2}.Debug|Any CPU.Build.0 = Debug|Any CPU
		{6457A12C-B464-4C82-B46F-D6FFDD90C7E2}.Release|Any CPU.ActiveCfg = Release|Any CPU
		{6457A12C-B464-4C82-B46F-D6FFDD90C7E2}.Release|Any CPU.Build.0 = Release|Any CPU
		{AE5901D2-EEAA-4299-B435-4C289903CEE2}.Debug|Any CPU.ActiveCfg = Debug|Any CPU
		{AE5901D2-EEAA-4299-B435-4C289903CEE2}.Debug|Any CPU.Build.0 = Debug|Any CPU
		{AE5901D2-EEAA-4299-B435-4C289903CEE2}.Release|Any CPU.ActiveCfg = Release|Any CPU
		{AE5901D2-EEAA-4299-B435-4C289903CEE2}.Release|Any CPU.Build.0 = Release|Any CPU
	EndGlobalSection
	GlobalSection(SolutionProperties) = preSolution
		HideSolutionNode = FALSE
	EndGlobalSection
EndGlobal
